
Microsoft Visual Studio Solution File, Format Version 12.00
# Visual Studio Version 17
VisualStudioVersion = 17.3.32922.545
MinimumVisualStudioVersion = 10.0.40219.1
Project("{FAE04EC0-301F-11D3-BF4B-00C04F79EFBC}") = "Exercise3", "Exercise3\Exercise3.csproj", "{D5AEDF34-7871-460F-B68B-C7C7C9B53E11}"
EndProject
Global
	GlobalSection(SolutionConfigurationPlatforms) = preSolution
		Debug|Any CPU = Debug|Any CPU
		Release|Any CPU = Release|Any CPU
	EndGlobalSection
	GlobalSection(ProjectConfigurationPlatforms) = postSolution
		{D5AEDF34-7871-460F-B68B-C7C7C9B53E11}.Debug|Any CPU.ActiveCfg = Debug|Any CPU
		{D5AEDF34-7871-460F-B68B-C7C7C9B53E11}.Debug|Any CPU.Build.0 = Debug|Any CPU
		{D5AEDF34-7871-460F-B68B-C7C7C9B53E11}.Release|Any CPU.ActiveCfg = Release|Any CPU
		{D5AEDF34-7871-460F-B68B-C7C7C9B53E11}.Release|Any CPU.Build.0 = Release|Any CPU
	EndGlobalSection
	GlobalSection(SolutionProperties) = preSolution
		HideSolutionNode = FALSE
	EndGlobalSection
	GlobalSection(ExtensibilityGlobals) = postSolution
		SolutionGuid = {A8533E8C-7E06-4B25-8DDC-52D2A403932C}
	EndGlobalSection
EndGlobal
